
Microsoft Visual Studio Solution File, Format Version 12.00
# Visual Studio Version 16
VisualStudioVersion = 16.0.31005.135
MinimumVisualStudioVersion = 10.0.40219.1
Project("{2150E333-8FDC-42A3-9474-1A3956D46DE8}") = "src", "src", "{ED335845-5705-4166-9DB2-DC19E7DFB113}"
EndProject
Project("{2150E333-8FDC-42A3-9474-1A3956D46DE8}") = "Building Blocks", "Building Blocks", "{A366AFDC-CF45-48E8-B9DB-69C853C8AA90}"
EndProject
Project("{2150E333-8FDC-42A3-9474-1A3956D46DE8}") = "Services", "Services", "{56E748A0-EA36-4AB5-A00C-2146E3CBEED7}"
EndProject
Project("{2150E333-8FDC-42A3-9474-1A3956D46DE8}") = "Web", "Web", "{D4AC1E60-6F17-4C55-B3EB-925C577C7425}"
EndProject
Project("{2150E333-8FDC-42A3-9474-1A3956D46DE8}") = "Identidade", "Identidade", "{4E59E79C-96D8-4D41-A1BA-C977DA4D819D}"
EndProject
Project("{9A19103F-16F7-4668-BE54-9A1E7A4F7556}") = "NSE.Identidade.API", "src\services\NSE.Identidade.API\NSE.Identidade.API.csproj", "{8F885A41-B37F-4425-B6AC-187D25EE3CC2}"
EndProject
Project("{2150E333-8FDC-42A3-9474-1A3956D46DE8}") = "MVC", "MVC", "{3CF5333E-8096-4804-BFF1-49CD14078A71}"
EndProject
Project("{9A19103F-16F7-4668-BE54-9A1E7A4F7556}") = "NSE.WebApp.MVC", "src\web\NSE.WebApp.MVC\NSE.WebApp.MVC.csproj", "{443ADB1F-9F77-475A-9CA5-3E51D455ACF5}"
EndProject
Project("{2150E333-8FDC-42A3-9474-1A3956D46DE8}") = "Core", "Core", "{0E31F809-1608-46BC-9EEF-A41C5F521431}"
EndProject
Project("{9A19103F-16F7-4668-BE54-9A1E7A4F7556}") = "NSE.Core", "src\building blocks\NSE.Core\NSE.Core.csproj", "{5FB1BDEB-AC19-4BF2-B7D1-E64BA095560F}"
EndProject
Project("{2150E333-8FDC-42A3-9474-1A3956D46DE8}") = "Carrinho", "Carrinho", "{C4B5BA90-1F9C-4026-8F99-7278CB2C36F0}"
EndProject
Project("{9A19103F-16F7-4668-BE54-9A1E7A4F7556}") = "NSE.Carrinho.API", "src\services\NSE.Carrinho.API\NSE.Carrinho.API.csproj", "{EB17CC0C-6F39-47F2-977D-1A251EF67CFA}"
EndProject
Project("{2150E333-8FDC-42A3-9474-1A3956D46DE8}") = "Catalogo", "Catalogo", "{4B23F3DC-1616-4CE3-9CFC-DD9A41AFF459}"
EndProject
Project("{9A19103F-16F7-4668-BE54-9A1E7A4F7556}") = "NSE.Catalogo.API", "src\services\NSE.Catalogo.API\NSE.Catalogo.API.csproj", "{5EBC7F7D-71C6-40A3-BB76-86FA0129F5AA}"
EndProject
Project("{2150E333-8FDC-42A3-9474-1A3956D46DE8}") = "Cliente", "Cliente", "{FA42C2B4-8DD5-441D-9BC6-65B01F32D093}"
EndProject
Project("{9A19103F-16F7-4668-BE54-9A1E7A4F7556}") = "NSE.Cliente.API", "src\services\NSE.Cliente.API\NSE.Cliente.API.csproj", "{B2161774-1D23-41B0-8232-E3EAC970E2D0}"
EndProject
Project("{2150E333-8FDC-42A3-9474-1A3956D46DE8}") = "Pagamento", "Pagamento", "{14214A93-E4A3-46C7-8EC1-135CF4F32701}"
EndProject
Project("{9A19103F-16F7-4668-BE54-9A1E7A4F7556}") = "NSE.Pagamento.API", "src\services\NSE.Pagamento.API\NSE.Pagamento.API.csproj", "{E20CC3FE-1524-4E11-AA25-C2BD8210E905}"
EndProject
Project("{2150E333-8FDC-42A3-9474-1A3956D46DE8}") = "Pedido", "Pedido", "{83E8EB4D-110B-4E4E-AE57-2E16146622CE}"
EndProject
Project("{9A19103F-16F7-4668-BE54-9A1E7A4F7556}") = "NSE.Pedido.API", "src\services\NSE.Pedido.API\NSE.Pedido.API.csproj", "{4FC2634B-5AFE-46E0-A4E0-0E82FC7899D1}"
EndProject
Project("{FAE04EC0-301F-11D3-BF4B-00C04F79EFBC}") = "NSE.WebApp.MvcTeste", "src\web\NSE.WebApp.MvcTeste\NSE.WebApp.MvcTeste.csproj", "{0ADD9107-B5FC-4FDD-9EAA-054CDAA1734B}"
EndProject
Global
	GlobalSection(SolutionConfigurationPlatforms) = preSolution
		Debug|Any CPU = Debug|Any CPU
		Release|Any CPU = Release|Any CPU
	EndGlobalSection
	GlobalSection(ProjectConfigurationPlatforms) = postSolution
		{8F885A41-B37F-4425-B6AC-187D25EE3CC2}.Debug|Any CPU.ActiveCfg = Debug|Any CPU
		{8F885A41-B37F-4425-B6AC-187D25EE3CC2}.Debug|Any CPU.Build.0 = Debug|Any CPU
		{8F885A41-B37F-4425-B6AC-187D25EE3CC2}.Release|Any CPU.ActiveCfg = Release|Any CPU
		{8F885A41-B37F-4425-B6AC-187D25EE3CC2}.Release|Any CPU.Build.0 = Release|Any CPU
		{443ADB1F-9F77-475A-9CA5-3E51D455ACF5}.Debug|Any CPU.ActiveCfg = Debug|Any CPU
		{443ADB1F-9F77-475A-9CA5-3E51D455ACF5}.Debug|Any CPU.Build.0 = Debug|Any CPU
		{443ADB1F-9F77-475A-9CA5-3E51D455ACF5}.Release|Any CPU.ActiveCfg = Release|Any CPU
		{443ADB1F-9F77-475A-9CA5-3E51D455ACF5}.Release|Any CPU.Build.0 = Release|Any CPU
		{5FB1BDEB-AC19-4BF2-B7D1-E64BA095560F}.Debug|Any CPU.ActiveCfg = Debug|Any CPU
		{5FB1BDEB-AC19-4BF2-B7D1-E64BA095560F}.Debug|Any CPU.Build.0 = Debug|Any CPU
		{5FB1BDEB-AC19-4BF2-B7D1-E64BA095560F}.Release|Any CPU.ActiveCfg = Release|Any CPU
		{5FB1BDEB-AC19-4BF2-B7D1-E64BA095560F}.Release|Any CPU.Build.0 = Release|Any CPU
		{EB17CC0C-6F39-47F2-977D-1A251EF67CFA}.Debug|Any CPU.ActiveCfg = Debug|Any CPU
		{EB17CC0C-6F39-47F2-977D-1A251EF67CFA}.Debug|Any CPU.Build.0 = Debug|Any CPU
		{EB17CC0C-6F39-47F2-977D-1A251EF67CFA}.Release|Any CPU.ActiveCfg = Release|Any CPU
		{EB17CC0C-6F39-47F2-977D-1A251EF67CFA}.Release|Any CPU.Build.0 = Release|Any CPU
		{5EBC7F7D-71C6-40A3-BB76-86FA0129F5AA}.Debug|Any CPU.ActiveCfg = Debug|Any CPU
		{5EBC7F7D-71C6-40A3-BB76-86FA0129F5AA}.Debug|Any CPU.Build.0 = Debug|Any CPU
		{5EBC7F7D-71C6-40A3-BB76-86FA0129F5AA}.Release|Any CPU.ActiveCfg = Release|Any CPU
		{5EBC7F7D-71C6-40A3-BB76-86FA0129F5AA}.Release|Any CPU.Build.0 = Release|Any CPU
		{B2161774-1D23-41B0-8232-E3EAC970E2D0}.Debug|Any CPU.ActiveCfg = Debug|Any CPU
		{B2161774-1D23-41B0-8232-E3EAC970E2D0}.Debug|Any CPU.Build.0 = Debug|Any CPU
		{B2161774-1D23-41B0-8232-E3EAC970E2D0}.Release|Any CPU.ActiveCfg = Release|Any CPU
		{B2161774-1D23-41B0-8232-E3EAC970E2D0}.Release|Any CPU.Build.0 = Release|Any CPU
		{E20CC3FE-1524-4E11-AA25-C2BD8210E905}.Debug|Any CPU.ActiveCfg = Debug|Any CPU
		{E20CC3FE-1524-4E11-AA25-C2BD8210E905}.Debug|Any CPU.Build.0 = Debug|Any CPU
		{E20CC3FE-1524-4E11-AA25-C2BD8210E905}.Release|Any CPU.ActiveCfg = Release|Any CPU
		{E20CC3FE-1524-4E11-AA25-C2BD8210E905}.Release|Any CPU.Build.0 = Release|Any CPU
		{4FC2634B-5AFE-46E0-A4E0-0E82FC7899D1}.Debug|Any CPU.ActiveCfg = Debug|Any CPU
		{4FC2634B-5AFE-46E0-A4E0-0E82FC7899D1}.Debug|Any CPU.Build.0 = Debug|Any CPU
		{4FC2634B-5AFE-46E0-A4E0-0E82FC7899D1}.Release|Any CPU.ActiveCfg = Release|Any CPU
		{4FC2634B-5AFE-46E0-A4E0-0E82FC7899D1}.Release|Any CPU.Build.0 = Release|Any CPU
		{0ADD9107-B5FC-4FDD-9EAA-054CDAA1734B}.Debug|Any CPU.ActiveCfg = Debug|Any CPU
		{0ADD9107-B5FC-4FDD-9EAA-054CDAA1734B}.Debug|Any CPU.Build.0 = Debug|Any CPU
		{0ADD9107-B5FC-4FDD-9EAA-054CDAA1734B}.Release|Any CPU.ActiveCfg = Release|Any CPU
		{0ADD9107-B5FC-4FDD-9EAA-054CDAA1734B}.Release|Any CPU.Build.0 = Release|Any CPU
	EndGlobalSection
	GlobalSection(SolutionProperties) = preSolution
		HideSolutionNode = FALSE
	EndGlobalSection
	GlobalSection(NestedProjects) = preSolution
		{A366AFDC-CF45-48E8-B9DB-69C853C8AA90} = {ED335845-5705-4166-9DB2-DC19E7DFB113}
		{56E748A0-EA36-4AB5-A00C-2146E3CBEED7} = {ED335845-5705-4166-9DB2-DC19E7DFB113}
		{D4AC1E60-6F17-4C55-B3EB-925C577C7425} = {ED335845-5705-4166-9DB2-DC19E7DFB113}
		{4E59E79C-96D8-4D41-A1BA-C977DA4D819D} = {56E748A0-EA36-4AB5-A00C-2146E3CBEED7}
		{8F885A41-B37F-4425-B6AC-187D25EE3CC2} = {4E59E79C-96D8-4D41-A1BA-C977DA4D819D}
		{3CF5333E-8096-4804-BFF1-49CD14078A71} = {D4AC1E60-6F17-4C55-B3EB-925C577C7425}
		{443ADB1F-9F77-475A-9CA5-3E51D455ACF5} = {3CF5333E-8096-4804-BFF1-49CD14078A71}
		{0E31F809-1608-46BC-9EEF-A41C5F521431} = {A366AFDC-CF45-48E8-B9DB-69C853C8AA90}
		{5FB1BDEB-AC19-4BF2-B7D1-E64BA095560F} = {0E31F809-1608-46BC-9EEF-A41C5F521431}
		{C4B5BA90-1F9C-4026-8F99-7278CB2C36F0} = {56E748A0-EA36-4AB5-A00C-2146E3CBEED7}
		{EB17CC0C-6F39-47F2-977D-1A251EF67CFA} = {C4B5BA90-1F9C-4026-8F99-7278CB2C36F0}
		{4B23F3DC-1616-4CE3-9CFC-DD9A41AFF459} = {56E748A0-EA36-4AB5-A00C-2146E3CBEED7}
		{5EBC7F7D-71C6-40A3-BB76-86FA0129F5AA} = {4B23F3DC-1616-4CE3-9CFC-DD9A41AFF459}
		{FA42C2B4-8DD5-441D-9BC6-65B01F32D093} = {56E748A0-EA36-4AB5-A00C-2146E3CBEED7}
		{B2161774-1D23-41B0-8232-E3EAC970E2D0} = {FA42C2B4-8DD5-441D-9BC6-65B01F32D093}
		{14214A93-E4A3-46C7-8EC1-135CF4F32701} = {56E748A0-EA36-4AB5-A00C-2146E3CBEED7}
		{E20CC3FE-1524-4E11-AA25-C2BD8210E905} = {14214A93-E4A3-46C7-8EC1-135CF4F32701}
		{83E8EB4D-110B-4E4E-AE57-2E16146622CE} = {56E748A0-EA36-4AB5-A00C-2146E3CBEED7}
		{4FC2634B-5AFE-46E0-A4E0-0E82FC7899D1} = {83E8EB4D-110B-4E4E-AE57-2E16146622CE}
		{0ADD9107-B5FC-4FDD-9EAA-054CDAA1734B} = {3CF5333E-8096-4804-BFF1-49CD14078A71}
	EndGlobalSection
	GlobalSection(ExtensibilityGlobals) = postSolution
		SolutionGuid = {63FBFC5C-3C22-4C0D-8DF5-CB80F31AB56A}
	EndGlobalSection
EndGlobal
